{
  "name": "tormenta-server",
  "lockfileVersion": 2,
  "requires": true,
  "packages": {
    "": {
      "dependencies": {
        "tormenta": "file:.."
      }
    },
    "..": {
      "version": "0.0.1",
      "hasInstallScript": true,
      "license": "CC-BY-NC-SA-4.0",
      "workspaces": [
        "tormenta-client",
        "tormenta-server"
      ],
      "devDependencies": {
        "cross-env": "^7.0.3",
        "esbuild": "^0.14.39",
        "typescript": "^4.6.4"
      }
    },
    "node_modules/tormenta": {
      "resolved": "..",
      "link": true
    }
  },
  "dependencies": {
    "tormenta": {
      "version": "file:..",
      "requires": {
        "cross-env": "^7.0.3",
        "esbuild": "^0.14.39",
        "typescript": "^4.6.4"
      }
    }
  }
}
